// !$*UTF8*$!
{
	archiveVersion = 1;
	classes = {
	};
	objectVersion = 50;
	objects = {

/* Begin PBXBuildFile section */
		F8560FBA238B4E5B00EF3348 /* XpcService.m in Sources */ = {isa = PBXBuildFile; fileRef = F8560FB9238B4E5B00EF3348 /* XpcService.m */; };
		F8560FBC238B4E5B00EF3348 /* main.m in Sources */ = {isa = PBXBuildFile; fileRef = F8560FBB238B4E5B00EF3348 /* main.m */; };
		F8DB8051238B7E0D0076294F /* ServiceDelegate.m in Sources */ = {isa = PBXBuildFile; fileRef = F8DB8050238B7E0D0076294F /* ServiceDelegate.m */; };
/* End PBXBuildFile section */

/* Begin PBXFileReference section */
		F8560FB4238B4E5B00EF3348 /* XpcService.xpc */ = {isa = PBXFileReference; explicitFileType = "wrapper.xpc-service"; includeInIndex = 0; path = XpcService.xpc; sourceTree = BUILT_PRODUCTS_DIR; };
		F8560FB7238B4E5B00EF3348 /* XpcServiceProtocol.h */ = {isa = PBXFileReference; lastKnownFileType = sourcecode.c.h; path = XpcServiceProtocol.h; sourceTree = "<group>"; };
		F8560FB8238B4E5B00EF3348 /* XpcService.h */ = {isa = PBXFileReference; lastKnownFileType = sourcecode.c.h; path = XpcService.h; sourceTree = "<group>"; };
		F8560FB9238B4E5B00EF3348 /* XpcService.m */ = {isa = PBXFileReference; lastKnownFileType = sourcecode.c.objc; path = XpcService.m; sourceTree = "<group>"; };
		F8560FBB238B4E5B00EF3348 /* main.m */ = {isa = PBXFileReference; lastKnownFileType = sourcecode.c.objc; path = main.m; sourceTree = "<group>"; };
		F8560FBD238B4E5B00EF3348 /* Info.plist */ = {isa = PBXFileReference; lastKnownFileType = text.plist.xml; path = Info.plist; sourceTree = "<group>"; };
		F8DB804F238B7E0D0076294F /* ServiceDelegate.h */ = {isa = PBXFileReference; lastKnownFileType = sourcecode.c.h; path = ServiceDelegate.h; sourceTree = "<group>"; };
		F8DB8050238B7E0D0076294F /* ServiceDelegate.m */ = {isa = PBXFileReference; lastKnownFileType = sourcecode.c.objc; path = ServiceDelegate.m; sourceTree = "<group>"; };
/* End PBXFileReference section */

/* Begin PBXFrameworksBuildPhase section */
		F8560FB1238B4E5B00EF3348 /* Frameworks */ = {
			isa = PBXFrameworksBuildPhase;
			buildActionMask = 2147483647;
			files = (
			);
			runOnlyForDeploymentPostprocessing = 0;
		};
/* End PBXFrameworksBuildPhase section */

/* Begin PBXGroup section */
		F8560FAB238B4E5B00EF3348 = {
			isa = PBXGroup;
			children = (
				F8560FB6238B4E5B00EF3348 /* XpcService */,
				F8560FB5238B4E5B00EF3348 /* Products */,
			);
			sourceTree = "<group>";
		};
		F8560FB5238B4E5B00EF3348 /* Products */ = {
			isa = PBXGroup;
			children = (
				F8560FB4238B4E5B00EF3348 /* XpcService.xpc */,
			);
			name = Products;
			sourceTree = "<group>";
		};
		F8560FB6238B4E5B00EF3348 /* XpcService */ = {
			isa = PBXGroup;
			children = (
				F8560FBD238B4E5B00EF3348 /* Info.plist */,
				F8560FBB238B4E5B00EF3348 /* main.m */,
				F8DB804F238B7E0D0076294F /* ServiceDelegate.h */,
				F8DB8050238B7E0D0076294F /* ServiceDelegate.m */,
				F8560FB8238B4E5B00EF3348 /* XpcService.h */,
				F8560FB9238B4E5B00EF3348 /* XpcService.m */,
				F8560FB7238B4E5B00EF3348 /* XpcServiceProtocol.h */,
			);
			path = XpcService;
			sourceTree = "<group>";
		};
/* End PBXGroup section */

/* Begin PBXNativeTarget section */
		F8560FB3238B4E5B00EF3348 /* XpcService */ = {
			isa = PBXNativeTarget;
			buildConfigurationList = F8560FC0238B4E5B00EF3348 /* Build configuration list for PBXNativeTarget "XpcService" */;
			buildPhases = (
				F8560FB0238B4E5B00EF3348 /* Sources */,
				F8560FB1238B4E5B00EF3348 /* Frameworks */,
				F8560FB2238B4E5B00EF3348 /* Resources */,
			);
			buildRules = (
			);
			dependencies = (
			);
			name = XpcService;
			productName = XpcService;
			productReference = F8560FB4238B4E5B00EF3348 /* XpcService.xpc */;
			productType = "com.apple.product-type.xpc-service";
		};
/* End PBXNativeTarget section */

/* Begin PBXProject section */
		F8560FAC238B4E5B00EF3348 /* Project object */ = {
			isa = PBXProject;
			attributes = {
				LastUpgradeCheck = 1120;
				ORGANIZATIONNAME = "Ben Chatelain";
				TargetAttributes = {
					F8560FB3238B4E5B00EF3348 = {
						CreatedOnToolsVersion = 10.3;
					};
				};
			};
			buildConfigurationList = F8560FAF238B4E5B00EF3348 /* Build configuration list for PBXProject "XpcService" */;
			compatibilityVersion = "Xcode 9.3";
			developmentRegion = en;
			hasScannedForEncodings = 0;
			knownRegions = (
				en,
				Base,
			);
			mainGroup = F8560FAB238B4E5B00EF3348;
			productRefGroup = F8560FB5238B4E5B00EF3348 /* Products */;
			projectDirPath = "";
			projectRoot = "";
			targets = (
				F8560FB3238B4E5B00EF3348 /* XpcService */,
			);
		};
/* End PBXProject section */

/* Begin PBXResourcesBuildPhase section */
		F8560FB2238B4E5B00EF3348 /* Resources */ = {
			isa = PBXResourcesBuildPhase;
			buildActionMask = 2147483647;
			files = (
			);
			runOnlyForDeploymentPostprocessing = 0;
		};
/* End PBXResourcesBuildPhase section */

/* Begin PBXSourcesBuildPhase section */
		F8560FB0238B4E5B00EF3348 /* Sources */ = {
			isa = PBXSourcesBuildPhase;
			buildActionMask = 2147483647;
			files = (
				F8560FBC238B4E5B00EF3348 /* main.m in Sources */,
				F8DB8051238B7E0D0076294F /* ServiceDelegate.m in Sources */,
				F8560FBA238B4E5B00EF3348 /* XpcService.m in Sources */,
			);
			runOnlyForDeploymentPostprocessing = 0;
		};
/* End PBXSourcesBuildPhase section */

/* Begin XCBuildConfiguration section */
		F8560FBE238B4E5B00EF3348 /* Debug */ = {
			isa = XCBuildConfiguration;
			buildSettings = {
				ALWAYS_SEARCH_USER_PATHS = NO;
				CLANG_ANALYZER_NONNULL = YES;
				CLANG_ANALYZER_NUMBER_OBJECT_CONVERSION = YES_AGGRESSIVE;
				CLANG_CXX_LANGUAGE_STANDARD = "gnu++14";
				CLANG_CXX_LIBRARY = "libc++";
				CLANG_ENABLE_MODULES = YES;
				CLANG_ENABLE_OBJC_ARC = YES;
				CLANG_ENABLE_OBJC_WEAK = YES;
				CLANG_WARN_BLOCK_CAPTURE_AUTORELEASING = YES;
				CLANG_WARN_BOOL_CONVERSION = YES;
				CLANG_WARN_COMMA = YES;
				CLANG_WARN_CONSTANT_CONVERSION = YES;
				CLANG_WARN_DEPRECATED_OBJC_IMPLEMENTATIONS = YES;
				CLANG_WARN_DIRECT_OBJC_ISA_USAGE = YES_ERROR;
				CLANG_WARN_DOCUMENTATION_COMMENTS = YES;
				CLANG_WARN_EMPTY_BODY = YES;
				CLANG_WARN_ENUM_CONVERSION = YES;
				CLANG_WARN_INFINITE_RECURSION = YES;
				CLANG_WARN_INT_CONVERSION = YES;
				CLANG_WARN_NON_LITERAL_NULL_CONVERSION = YES;
				CLANG_WARN_OBJC_IMPLICIT_RETAIN_SELF = YES;
				CLANG_WARN_OBJC_LITERAL_CONVERSION = YES;
				CLANG_WARN_OBJC_ROOT_CLASS = YES_ERROR;
				CLANG_WARN_RANGE_LOOP_ANALYSIS = YES;
				CLANG_WARN_STRICT_PROTOTYPES = YES;
				CLANG_WARN_SUSPICIOUS_MOVE = YES;
				CLANG_WARN_UNGUARDED_AVAILABILITY = YES_AGGRESSIVE;
				CLANG_WARN_UNREACHABLE_CODE = YES;
				CLANG_WARN__DUPLICATE_METHOD_MATCH = YES;
				CODE_SIGN_IDENTITY = "Mac Developer";
				COPY_PHASE_STRIP = NO;
				DEBUG_INFORMATION_FORMAT = dwarf;
				ENABLE_STRICT_OBJC_MSGSEND = YES;
				ENABLE_TESTABILITY = YES;
				GCC_C_LANGUAGE_STANDARD = gnu11;
				GCC_DYNAMIC_NO_PIC = NO;
				GCC_NO_COMMON_BLOCKS = YES;
				GCC_OPTIMIZATION_LEVEL = 0;
				GCC_PREPROCESSOR_DEFINITIONS = (
					"DEBUG=1",
					"$(inherited)",
				);
				GCC_WARN_64_TO_32_BIT_CONVERSION = YES;
				GCC_WARN_ABOUT_RETURN_TYPE = YES_ERROR;
				GCC_WARN_UNDECLARED_SELECTOR = YES;
				GCC_WARN_UNINITIALIZED_AUTOS = YES_AGGRESSIVE;
				GCC_WARN_UNUSED_FUNCTION = YES;
				GCC_WARN_UNUSED_VARIABLE = YES;
				MACOSX_DEPLOYMENT_TARGET = 10.15;
				MTL_ENABLE_DEBUG_INFO = INCLUDE_SOURCE;
				MTL_FAST_MATH = YES;
				ONLY_ACTIVE_ARCH = YES;
				SDKROOT = macosx;
			};
			name = Debug;
		};
		F8560FBF238B4E5B00EF3348 /* Release */ = {
			isa = XCBuildConfiguration;
			buildSettings = {
				ALWAYS_SEARCH_USER_PATHS = NO;
				CLANG_ANALYZER_NONNULL = YES;
				CLANG_ANALYZER_NUMBER_OBJECT_CONVERSION = YES_AGGRESSIVE;
				CLANG_CXX_LANGUAGE_STANDARD = "gnu++14";
				CLANG_CXX_LIBRARY = "libc++";
				CLANG_ENABLE_MODULES = YES;
				CLANG_ENABLE_OBJC_ARC = YES;
				CLANG_ENABLE_OBJC_WEAK = YES;
				CLANG_WARN_BLOCK_CAPTURE_AUTORELEASING = YES;
				CLANG_WARN_BOOL_CONVERSION = YES;
				CLANG_WARN_COMMA = YES;
				CLANG_WARN_CONSTANT_CONVERSION = YES;
				CLANG_WARN_DEPRECATED_OBJC_IMPLEMENTATIONS = YES;
				CLANG_WARN_DIRECT_OBJC_ISA_USAGE = YES_ERROR;
				CLANG_WARN_DOCUMENTATION_COMMENTS = YES;
				CLANG_WARN_EMPTY_BODY = YES;
				CLANG_WARN_ENUM_CONVERSION = YES;
				CLANG_WARN_INFINITE_RECURSION = YES;
				CLANG_WARN_INT_CONVERSION = YES;
				CLANG_WARN_NON_LITERAL_NULL_CONVERSION = YES;
				CLANG_WARN_OBJC_IMPLICIT_RETAIN_SELF = YES;
				CLANG_WARN_OBJC_LITERAL_CONVERSION = YES;
				CLANG_WARN_OBJC_ROOT_CLASS = YES_ERROR;
				CLANG_WARN_RANGE_LOOP_ANALYSIS = YES;
				CLANG_WARN_STRICT_PROTOTYPES = YES;
				CLANG_WARN_SUSPICIOUS_MOVE = YES;
				CLANG_WARN_UNGUARDED_AVAILABILITY = YES_AGGRESSIVE;
				CLANG_WARN_UNREACHABLE_CODE = YES;
				CLANG_WARN__DUPLICATE_METHOD_MATCH = YES;
				CODE_SIGN_IDENTITY = "Mac Developer";
				COPY_PHASE_STRIP = NO;
				DEBUG_INFORMATION_FORMAT = "dwarf-with-dsym";
				ENABLE_NS_ASSERTIONS = NO;
				ENABLE_STRICT_OBJC_MSGSEND = YES;
				GCC_C_LANGUAGE_STANDARD = gnu11;
				GCC_NO_COMMON_BLOCKS = YES;
				GCC_WARN_64_TO_32_BIT_CONVERSION = YES;
				GCC_WARN_ABOUT_RETURN_TYPE = YES_ERROR;
				GCC_WARN_UNDECLARED_SELECTOR = YES;
				GCC_WARN_UNINITIALIZED_AUTOS = YES_AGGRESSIVE;
				GCC_WARN_UNUSED_FUNCTION = YES;
				GCC_WARN_UNUSED_VARIABLE = YES;
				MACOSX_DEPLOYMENT_TARGET = 10.15;
				MTL_ENABLE_DEBUG_INFO = NO;
				MTL_FAST_MATH = YES;
				SDKROOT = macosx;
			};
			name = Release;
		};
		F8560FC1238B4E5B00EF3348 /* Debug */ = {
			isa = XCBuildConfiguration;
			buildSettings = {
				CODE_SIGN_IDENTITY = "-";
				CODE_SIGN_STYLE = Automatic;
				COMBINE_HIDPI_IMAGES = YES;
				DEVELOPMENT_TEAM = MTGSZH8QM4;
				INFOPLIST_FILE = XpcService/Info.plist;
				PRODUCT_BUNDLE_IDENTIFIER = at.phatbl.XpcService;
				PRODUCT_NAME = "$(TARGET_NAME)";
				SKIP_INSTALL = YES;
			};
			name = Debug;
		};
		F8560FC2238B4E5B00EF3348 /* Release */ = {
			isa = XCBuildConfiguration;
			buildSettings = {
				CODE_SIGN_IDENTITY = "-";
				CODE_SIGN_STYLE = Automatic;
				COMBINE_HIDPI_IMAGES = YES;
				DEVELOPMENT_TEAM = MTGSZH8QM4;
				INFOPLIST_FILE = XpcService/Info.plist;
				PRODUCT_BUNDLE_IDENTIFIER = at.phatbl.XpcService;
				PRODUCT_NAME = "$(TARGET_NAME)";
				SKIP_INSTALL = YES;
			};
			name = Release;
		};
/* End XCBuildConfiguration section */

/* Begin XCConfigurationList section */
		F8560FAF238B4E5B00EF3348 /* Build configuration list for PBXProject "XpcService" */ = {
			isa = XCConfigurationList;
			buildConfigurations = (
				F8560FBE238B4E5B00EF3348 /* Debug */,
				F8560FBF238B4E5B00EF3348 /* Release */,
			);
			defaultConfigurationIsVisible = 0;
			defaultConfigurationName = Release;
		};
		F8560FC0238B4E5B00EF3348 /* Build configuration list for PBXNativeTarget "XpcService" */ = {
			isa = XCConfigurationList;
			buildConfigurations = (
				F8560FC1238B4E5B00EF3348 /* Debug */,
				F8560FC2238B4E5B00EF3348 /* Release */,
			);
			defaultConfigurationIsVisible = 0;
			defaultConfigurationName = Release;
		};
/* End XCConfigurationList section */
	};
	rootObject = F8560FAC238B4E5B00EF3348 /* Project object */;
}
